// !$*UTF8*$!
{
	archiveVersion = 1;
	classes = {
	};
	objectVersion = 46;
	objects = {

/* Begin PBXBuildFile section */
		7A02B3B01688900300E273AC /* expr_control.c in Sources */ = {isa = PBXBuildFile; fileRef = 7A02B3AF1688900300E273AC /* expr_control.c */; };
		7A13E03616775C9600C4F14D /* execfuncs.c in Sources */ = {isa = PBXBuildFile; fileRef = 7A13E03516775C9600C4F14D /* execfuncs.c */; };
		7A2DD25B165009F1002CD078 /* declarations.c in Sources */ = {isa = PBXBuildFile; fileRef = 7A2DD25A165009F1002CD078 /* declarations.c */; };
		7A381B2316987FC1008588BA /* llvm_helper.cpp in Sources */ = {isa = PBXBuildFile; fileRef = 7A381B2116987FC1008588BA /* llvm_helper.cpp */; };
		7A4EAAD716AAD945003FB0D8 /* chf_generic.c in Sources */ = {isa = PBXBuildFile; fileRef = 7A4EAAD616AAD945003FB0D8 /* chf_generic.c */; };
		7A53E04C16AD7A07006C1DAE /* llvm_ctrlexpgen.c in Sources */ = {isa = PBXBuildFile; fileRef = 7A53E04B16AD7A07006C1DAE /* llvm_ctrlexpgen.c */; };
		7A53E04F16AD7AFE006C1DAE /* llvm_expgen.c in Sources */ = {isa = PBXBuildFile; fileRef = 7A53E04E16AD7AFE006C1DAE /* llvm_expgen.c */; };
		7A53E05116AD7B6C006C1DAE /* llvm_opexpgen.c in Sources */ = {isa = PBXBuildFile; fileRef = 7A53E05016AD7B6C006C1DAE /* llvm_opexpgen.c */; };
		7A53E05316AE008B006C1DAE /* llvm_execfuncgen.c in Sources */ = {isa = PBXBuildFile; fileRef = 7A53E05216AE008B006C1DAE /* llvm_execfuncgen.c */; };
		7A5588FF16AB353B000D9FE2 /* llvm_symgen.c in Sources */ = {isa = PBXBuildFile; fileRef = 7A5588FE16AB353B000D9FE2 /* llvm_symgen.c */; };
		7A7FD5151636C29C00B2D7FC /* lexer.c in Sources */ = {isa = PBXBuildFile; fileRef = 7A7FD5141636C29C00B2D7FC /* lexer.c */; };
		7A95BCEC1641CC2F002F851E /* strings.c in Sources */ = {isa = PBXBuildFile; fileRef = 7A95BCEB1641CC2F002F851E /* strings.c */; };
		7A995E0D163C2286003BEAC7 /* lexeme.c in Sources */ = {isa = PBXBuildFile; fileRef = 7A995E0C163C2286003BEAC7 /* lexeme.c */; };
		7A995E10163C2F82003BEAC7 /* nametable.c in Sources */ = {isa = PBXBuildFile; fileRef = 7A995E0F163C2F82003BEAC7 /* nametable.c */; };
		7A9D4C9E1635A88F0013AE09 /* testdriver.c in Sources */ = {isa = PBXBuildFile; fileRef = 7A9D4C9D1635A88F0013AE09 /* testdriver.c */; };
		7A9D4CA71635A93A0013AE09 /* fileio.c in Sources */ = {isa = PBXBuildFile; fileRef = 7A9D4CA61635A93A0013AE09 /* fileio.c */; };
		7A9D4CAB1635CEA30013AE09 /* scanner.c in Sources */ = {isa = PBXBuildFile; fileRef = 7A9D4CAA1635CEA30013AE09 /* scanner.c */; };
		7A9E1C13163DA445009ACBD0 /* parser.c in Sources */ = {isa = PBXBuildFile; fileRef = 7A9E1C12163DA445009ACBD0 /* parser.c */; };
		7AB5ED821642A3AB0063EC94 /* expression.c in Sources */ = {isa = PBXBuildFile; fileRef = 7AB5ED811642A3AB0063EC94 /* expression.c */; };
		7AB8A9AD16722B3500B91750 /* symbols.c in Sources */ = {isa = PBXBuildFile; fileRef = 7AB8A9AC16722B3500B91750 /* symbols.c */; };
		7AC12EC01659194A009C84F5 /* utils.c in Sources */ = {isa = PBXBuildFile; fileRef = 7AC12EBF1659194A009C84F5 /* utils.c */; };
		7AD5C63F16A9E6D100B49D81 /* driver.c in Sources */ = {isa = PBXBuildFile; fileRef = 7AD5C63E16A9E6D100B49D81 /* driver.c */; };
		7AD5C64316AA083400B49D81 /* llvm_machines.c in Sources */ = {isa = PBXBuildFile; fileRef = 7AD5C64216AA083400B49D81 /* llvm_machines.c */; };
		7AD8D0FF1666B7EA002AB41D /* structures.c in Sources */ = {isa = PBXBuildFile; fileRef = 7AD8D0FE1666B7E9002AB41D /* structures.c */; };
		7ADCC897167E23CF00D09FA4 /* statcodes.c in Sources */ = {isa = PBXBuildFile; fileRef = 7ADCC896167E23CF00D09FA4 /* statcodes.c */; };
		7ADCC89C167E422A00D09FA4 /* logging.c in Sources */ = {isa = PBXBuildFile; fileRef = 7ADCC89B167E422900D09FA4 /* logging.c */; };
		7AE1E624168DDD810085DFF5 /* llvm_gencode.c in Sources */ = {isa = PBXBuildFile; fileRef = 7AE1E623168DDD810085DFF5 /* llvm_gencode.c */; };
		7AF501C2168A52450057D7CF /* listings.c in Sources */ = {isa = PBXBuildFile; fileRef = 7AF501C1168A52450057D7CF /* listings.c */; };
		7AF501C4168A60440057D7CF /* switches.c in Sources */ = {isa = PBXBuildFile; fileRef = 7AF501C3168A60440057D7CF /* switches.c */; };
		7AF573D9164936EE005C965F /* macros.c in Sources */ = {isa = PBXBuildFile; fileRef = 7AF573D8164936EE005C965F /* macros.c */; };
/* End PBXBuildFile section */

/* Begin PBXCopyFilesBuildPhase section */
		7A9D4C971635A88F0013AE09 /* CopyFiles */ = {
			isa = PBXCopyFilesBuildPhase;
			buildActionMask = 2147483647;
			dstPath = /usr/share/man/man1/;
			dstSubfolderSpec = 0;
			files = (
			);
			runOnlyForDeploymentPostprocessing = 1;
		};
/* End PBXCopyFilesBuildPhase section */

/* Begin PBXFileReference section */
		7A02B3AF1688900300E273AC /* expr_control.c */ = {isa = PBXFileReference; fileEncoding = 4; lastKnownFileType = sourcecode.c.c; name = expr_control.c; path = lib/frontend/expr_control.c; sourceTree = SOURCE_ROOT; };
		7A13E03516775C9600C4F14D /* execfuncs.c */ = {isa = PBXFileReference; fileEncoding = 4; lastKnownFileType = sourcecode.c.c; name = execfuncs.c; path = lib/frontend/execfuncs.c; sourceTree = SOURCE_ROOT; };
		7A13E03816775CA100C4F14D /* execfuncs.h */ = {isa = PBXFileReference; lastKnownFileType = sourcecode.c.h; name = execfuncs.h; path = include/blissc/execfuncs.h; sourceTree = SOURCE_ROOT; };
		7A19786C16AB145F009FE9EE /* llvmgen.h */ = {isa = PBXFileReference; lastKnownFileType = sourcecode.c.h; name = llvmgen.h; path = lib/llvmgen/llvmgen.h; sourceTree = "<group>"; };
		7A28CF58169293DB00D24193 /* test_codegen.bli */ = {isa = PBXFileReference; fileEncoding = 4; lastKnownFileType = text; name = test_codegen.bli; path = testfiles/test_codegen.bli; sourceTree = SOURCE_ROOT; };
		7A2DD25A165009F1002CD078 /* declarations.c */ = {isa = PBXFileReference; fileEncoding = 4; lastKnownFileType = sourcecode.c.c; lineEnding = 0; name = declarations.c; path = lib/frontend/declarations.c; sourceTree = SOURCE_ROOT; xcLanguageSpecificationIdentifier = xcode.lang.c; };
		7A381B2116987FC1008588BA /* llvm_helper.cpp */ = {isa = PBXFileReference; fileEncoding = 4; lastKnownFileType = sourcecode.cpp.cpp; name = llvm_helper.cpp; path = lib/llvmgen/llvm_helper.cpp; sourceTree = SOURCE_ROOT; };
		7A381B2216987FC1008588BA /* llvm_helper.h */ = {isa = PBXFileReference; fileEncoding = 4; lastKnownFileType = sourcecode.c.h; name = llvm_helper.h; path = lib/llvmgen/llvm_helper.h; sourceTree = SOURCE_ROOT; };
		7A4EAAD616AAD945003FB0D8 /* chf_generic.c */ = {isa = PBXFileReference; fileEncoding = 4; lastKnownFileType = sourcecode.c.c; name = chf_generic.c; path = lib/frontend/chf_generic.c; sourceTree = "<group>"; };
		7A4EAAD916AAF798003FB0D8 /* chf.h */ = {isa = PBXFileReference; lastKnownFileType = sourcecode.c.h; name = chf.h; path = include/blissc/chf.h; sourceTree = "<group>"; };
		7A5351E91656FE7B00BE4B99 /* test_decl.bli */ = {isa = PBXFileReference; fileEncoding = 4; lastKnownFileType = text; name = test_decl.bli; path = testfiles/test_decl.bli; sourceTree = SOURCE_ROOT; };
		7A53E04B16AD7A07006C1DAE /* llvm_ctrlexpgen.c */ = {isa = PBXFileReference; fileEncoding = 4; lastKnownFileType = sourcecode.c.c; name = llvm_ctrlexpgen.c; path = lib/llvmgen/llvm_ctrlexpgen.c; sourceTree = "<group>"; };
		7A53E04E16AD7AFE006C1DAE /* llvm_expgen.c */ = {isa = PBXFileReference; fileEncoding = 4; lastKnownFileType = sourcecode.c.c; name = llvm_expgen.c; path = lib/llvmgen/llvm_expgen.c; sourceTree = "<group>"; };
		7A53E05016AD7B6C006C1DAE /* llvm_opexpgen.c */ = {isa = PBXFileReference; fileEncoding = 4; lastKnownFileType = sourcecode.c.c; name = llvm_opexpgen.c; path = lib/llvmgen/llvm_opexpgen.c; sourceTree = "<group>"; };
		7A53E05216AE008B006C1DAE /* llvm_execfuncgen.c */ = {isa = PBXFileReference; fileEncoding = 4; lastKnownFileType = sourcecode.c.c; name = llvm_execfuncgen.c; path = lib/llvmgen/llvm_execfuncgen.c; sourceTree = "<group>"; };
		7A548D681646E9E500A2A20F /* test_req.req */ = {isa = PBXFileReference; fileEncoding = 4; lastKnownFileType = text; name = test_req.req; path = testfiles/test_req.req; sourceTree = SOURCE_ROOT; };
		7A5588FE16AB353B000D9FE2 /* llvm_symgen.c */ = {isa = PBXFileReference; fileEncoding = 4; lastKnownFileType = sourcecode.c.c; name = llvm_symgen.c; path = lib/llvmgen/llvm_symgen.c; sourceTree = "<group>"; };
		7A7FD5141636C29C00B2D7FC /* lexer.c */ = {isa = PBXFileReference; fileEncoding = 4; lastKnownFileType = sourcecode.c.c; name = lexer.c; path = lib/frontend/lexer.c; sourceTree = SOURCE_ROOT; };
		7A7FD5171636C2A700B2D7FC /* lexer.h */ = {isa = PBXFileReference; lastKnownFileType = sourcecode.c.h; name = lexer.h; path = include/blissc/lexer.h; sourceTree = SOURCE_ROOT; };
		7A7FD5181636C65200B2D7FC /* lexeme.h */ = {isa = PBXFileReference; lastKnownFileType = sourcecode.c.h; name = lexeme.h; path = include/blissc/lexeme.h; sourceTree = SOURCE_ROOT; };
		7A8735071642CA6F006BFC30 /* test_parser.bli */ = {isa = PBXFileReference; fileEncoding = 4; lastKnownFileType = text; name = test_parser.bli; path = testfiles/test_parser.bli; sourceTree = SOURCE_ROOT; };
		7A95BCEB1641CC2F002F851E /* strings.c */ = {isa = PBXFileReference; fileEncoding = 4; lastKnownFileType = sourcecode.c.c; name = strings.c; path = lib/support/strings.c; sourceTree = SOURCE_ROOT; };
		7A95BCEE1641E17C002F851E /* strings.h */ = {isa = PBXFileReference; lastKnownFileType = sourcecode.c.h; name = strings.h; path = include/blissc/support/strings.h; sourceTree = SOURCE_ROOT; };
		7A9854EC1660FE7600828371 /* structures.h */ = {isa = PBXFileReference; lastKnownFileType = sourcecode.c.h; lineEnding = 0; name = structures.h; path = include/blissc/structures.h; sourceTree = SOURCE_ROOT; xcLanguageSpecificationIdentifier = xcode.lang.objcpp; };
		7A995E0C163C2286003BEAC7 /* lexeme.c */ = {isa = PBXFileReference; fileEncoding = 4; lastKnownFileType = sourcecode.c.c; name = lexeme.c; path = lib/frontend/lexeme.c; sourceTree = SOURCE_ROOT; };
		7A995E0F163C2F82003BEAC7 /* nametable.c */ = {isa = PBXFileReference; fileEncoding = 4; lastKnownFileType = sourcecode.c.c; name = nametable.c; path = lib/frontend/nametable.c; sourceTree = SOURCE_ROOT; };
		7A995E11163C2F8F003BEAC7 /* nametable.h */ = {isa = PBXFileReference; lastKnownFileType = sourcecode.c.h; name = nametable.h; path = include/blissc/nametable.h; sourceTree = SOURCE_ROOT; };
		7A9D4C991635A88F0013AE09 /* blissc */ = {isa = PBXFileReference; explicitFileType = "compiled.mach-o.executable"; includeInIndex = 0; path = blissc; sourceTree = BUILT_PRODUCTS_DIR; };
		7A9D4C9D1635A88F0013AE09 /* testdriver.c */ = {isa = PBXFileReference; lastKnownFileType = sourcecode.c.c; name = testdriver.c; path = tests/testdriver.c; sourceTree = SOURCE_ROOT; };
		7A9D4CA61635A93A0013AE09 /* fileio.c */ = {isa = PBXFileReference; fileEncoding = 4; lastKnownFileType = sourcecode.c.c; name = fileio.c; path = lib/support/fileio.c; sourceTree = SOURCE_ROOT; };
		7A9D4CA81635ACCA0013AE09 /* fileio.h */ = {isa = PBXFileReference; lastKnownFileType = sourcecode.c.h; name = fileio.h; path = include/blissc/support/fileio.h; sourceTree = SOURCE_ROOT; };
		7A9D4CA91635CE970013AE09 /* scanner.h */ = {isa = PBXFileReference; lastKnownFileType = sourcecode.c.h; name = scanner.h; path = lib/frontend/scanner.h; sourceTree = SOURCE_ROOT; };
		7A9D4CAA1635CEA30013AE09 /* scanner.c */ = {isa = PBXFileReference; fileEncoding = 4; lastKnownFileType = sourcecode.c.c; name = scanner.c; path = lib/frontend/scanner.c; sourceTree = SOURCE_ROOT; };
		7A9E1C12163DA445009ACBD0 /* parser.c */ = {isa = PBXFileReference; fileEncoding = 4; lastKnownFileType = sourcecode.c.c; lineEnding = 0; name = parser.c; path = lib/frontend/parser.c; sourceTree = SOURCE_ROOT; xcLanguageSpecificationIdentifier = xcode.lang.c; };
		7A9E1C14163DA45A009ACBD0 /* parser.h */ = {isa = PBXFileReference; lastKnownFileType = sourcecode.c.h; name = parser.h; path = include/blissc/parser.h; sourceTree = SOURCE_ROOT; };
		7AA04DA11682CDB500A2D348 /* bliss-11.cld */ = {isa = PBXFileReference; lastKnownFileType = text; path = "bliss-11.cld"; sourceTree = "<group>"; };
		7AA04DA21682CDB500A2D348 /* bliss.req */ = {isa = PBXFileReference; lastKnownFileType = text; path = bliss.req; sourceTree = "<group>"; };
		7AA04DA31682CDB500A2D348 /* bliss.txt */ = {isa = PBXFileReference; lastKnownFileType = text; path = bliss.txt; sourceTree = "<group>"; };
		7AA04DA41682CDB500A2D348 /* bliss11.bbprojectd */ = {isa = PBXFileReference; lastKnownFileType = wrapper; path = bliss11.bbprojectd; sourceTree = "<group>"; };
		7AA04DA51682CDB500A2D348 /* bliss_an.cld */ = {isa = PBXFileReference; lastKnownFileType = text; path = bliss_an.cld; sourceTree = "<group>"; };
		7AA04DA61682CDB500A2D348 /* changes.txt */ = {isa = PBXFileReference; lastKnownFileType = text; path = changes.txt; sourceTree = "<group>"; };
		7AA04DA71682CDB500A2D348 /* code.bli */ = {isa = PBXFileReference; lastKnownFileType = text; path = code.bli; sourceTree = "<group>"; };
		7AA04DA81682CDB500A2D348 /* cswo.bli */ = {isa = PBXFileReference; lastKnownFileType = text; path = cswo.bli; sourceTree = "<group>"; };
		7AA04DA91682CDB500A2D348 /* debug.bli */ = {isa = PBXFileReference; lastKnownFileType = text; path = debug.bli; sourceTree = "<group>"; };
		7AA04DAA1682CDB500A2D348 /* declar.bli */ = {isa = PBXFileReference; lastKnownFileType = text; path = declar.bli; sourceTree = "<group>"; };
		7AA04DAB1682CDB500A2D348 /* delay.bli */ = {isa = PBXFileReference; lastKnownFileType = text; path = delay.bli; sourceTree = "<group>"; };
		7AA04DAC1682CDB500A2D348 /* driver.bli */ = {isa = PBXFileReference; lastKnownFileType = text; path = driver.bli; sourceTree = "<group>"; };
		7AA04DAD1682CDB500A2D348 /* e.b11 */ = {isa = PBXFileReference; lastKnownFileType = text; path = e.b11; sourceTree = "<group>"; };
		7AA04DAE1682CDB500A2D348 /* errcodes.req */ = {isa = PBXFileReference; lastKnownFileType = text; path = errcodes.req; sourceTree = "<group>"; };
		7AA04DAF1682CDB500A2D348 /* errmsg.req */ = {isa = PBXFileReference; lastKnownFileType = text; path = errmsg.req; sourceTree = "<group>"; };
		7AA04DB01682CDB500A2D348 /* externals.req */ = {isa = PBXFileReference; lastKnownFileType = text; path = externals.req; sourceTree = "<group>"; };
		7AA04DB11682CDB500A2D348 /* fin2ls.bli */ = {isa = PBXFileReference; lastKnownFileType = text; path = fin2ls.bli; sourceTree = "<group>"; };
		7AA04DB21682CDB500A2D348 /* final.bli */ = {isa = PBXFileReference; lastKnownFileType = text; path = final.bli; sourceTree = "<group>"; };
		7AA04DB31682CDB500A2D348 /* final_tables.req */ = {isa = PBXFileReference; lastKnownFileType = text; path = final_tables.req; sourceTree = "<group>"; };
		7AA04DB41682CDB500A2D348 /* finlst.bli */ = {isa = PBXFileReference; lastKnownFileType = text; path = finlst.bli; sourceTree = "<group>"; };
		7AA04DB51682CDB500A2D348 /* flowan.bli */ = {isa = PBXFileReference; lastKnownFileType = text; path = flowan.bli; sourceTree = "<group>"; };
		7AA04DB61682CDB500A2D348 /* glodec.bli */ = {isa = PBXFileReference; lastKnownFileType = text; path = glodec.bli; sourceTree = "<group>"; };
		7AA04DB71682CDB500A2D348 /* io.bli */ = {isa = PBXFileReference; lastKnownFileType = text; path = io.bli; sourceTree = "<group>"; };
		7AA04DB81682CDB500A2D348 /* lexan.bli */ = {isa = PBXFileReference; lastKnownFileType = text; path = lexan.bli; sourceTree = "<group>"; };
		7AA04DB91682CDB500A2D348 /* listc.bli */ = {isa = PBXFileReference; lastKnownFileType = text; path = listc.bli; sourceTree = "<group>"; };
		7AA04DBA1682CDB500A2D348 /* lstpkg.bli */ = {isa = PBXFileReference; lastKnownFileType = text; path = lstpkg.bli; sourceTree = "<group>"; };
		7AA04DBB1682CDB500A2D348 /* makefile.com */ = {isa = PBXFileReference; lastKnownFileType = text; path = makefile.com; sourceTree = "<group>"; };
		7AA04DBC1682CDB500A2D348 /* mem.bli */ = {isa = PBXFileReference; lastKnownFileType = text; path = mem.bli; sourceTree = "<group>"; };
		7AA04DBD1682CDB500A2D348 /* ncse.bli */ = {isa = PBXFileReference; lastKnownFileType = text; path = ncse.bli; sourceTree = "<group>"; };
		7AA04DBE1682CDB500A2D348 /* once.bli */ = {isa = PBXFileReference; lastKnownFileType = text; path = once.bli; sourceTree = "<group>"; };
		7AA04DBF1682CDB500A2D348 /* print.bli */ = {isa = PBXFileReference; lastKnownFileType = text; path = print.bli; sourceTree = "<group>"; };
		7AA04DC01682CDB500A2D348 /* README */ = {isa = PBXFileReference; lastKnownFileType = text; path = README; sourceTree = "<group>"; };
		7AA04DC11682CDB500A2D348 /* Readme.txt */ = {isa = PBXFileReference; lastKnownFileType = text; path = Readme.txt; sourceTree = "<group>"; };
		7AA04DC21682CDB500A2D348 /* reshuf.bli */ = {isa = PBXFileReference; lastKnownFileType = text; path = reshuf.bli; sourceTree = "<group>"; };
		7AA04DC31682CDB500A2D348 /* rms.req */ = {isa = PBXFileReference; lastKnownFileType = text; path = rms.req; sourceTree = "<group>"; };
		7AA04DC41682CDB500A2D348 /* room.req */ = {isa = PBXFileReference; lastKnownFileType = text; path = room.req; sourceTree = "<group>"; };
		7AA04DC51682CDB500A2D348 /* routines.req */ = {isa = PBXFileReference; lastKnownFileType = text; path = routines.req; sourceTree = "<group>"; };
		7AA04DC61682CDB500A2D348 /* syntax.bli */ = {isa = PBXFileReference; lastKnownFileType = text; path = syntax.bli; sourceTree = "<group>"; };
		7AA04DC71682CDB500A2D348 /* t.b11 */ = {isa = PBXFileReference; lastKnownFileType = text; path = t.b11; sourceTree = "<group>"; };
		7AA04DC81682CDB500A2D348 /* tables.bli */ = {isa = PBXFileReference; lastKnownFileType = text; path = tables.bli; sourceTree = "<group>"; };
		7AA04DC91682CDB500A2D348 /* tnbind.bli */ = {isa = PBXFileReference; lastKnownFileType = text; path = tnbind.bli; sourceTree = "<group>"; };
		7AA04DCA1682CDB500A2D348 /* tnlow.bli */ = {isa = PBXFileReference; lastKnownFileType = text; path = tnlow.bli; sourceTree = "<group>"; };
		7AA04DCB1682CDB500A2D348 /* try.bli */ = {isa = PBXFileReference; lastKnownFileType = text; path = try.bli; sourceTree = "<group>"; };
		7AA04DCC1682CDB500A2D348 /* x.b11 */ = {isa = PBXFileReference; lastKnownFileType = text; path = x.b11; sourceTree = "<group>"; };
		7AB5ED811642A3AB0063EC94 /* expression.c */ = {isa = PBXFileReference; fileEncoding = 4; lastKnownFileType = sourcecode.c.c; lineEnding = 0; name = expression.c; path = lib/frontend/expression.c; sourceTree = SOURCE_ROOT; xcLanguageSpecificationIdentifier = xcode.lang.c; };
		7AB5ED841642A3B80063EC94 /* expression.h */ = {isa = PBXFileReference; lastKnownFileType = sourcecode.c.h; name = expression.h; path = include/blissc/expression.h; sourceTree = SOURCE_ROOT; };
		7AB8A9AC16722B3500B91750 /* symbols.c */ = {isa = PBXFileReference; fileEncoding = 4; lastKnownFileType = sourcecode.c.c; name = symbols.c; path = lib/frontend/symbols.c; sourceTree = SOURCE_ROOT; };
		7AB8A9AF16722B4000B91750 /* symbols.h */ = {isa = PBXFileReference; lastKnownFileType = sourcecode.c.h; name = symbols.h; path = include/blissc/symbols.h; sourceTree = SOURCE_ROOT; };
		7ABCDDE7165D64E000E3A85C /* test_expr.bli */ = {isa = PBXFileReference; fileEncoding = 4; lastKnownFileType = text; name = test_expr.bli; path = testfiles/test_expr.bli; sourceTree = SOURCE_ROOT; };
		7ABF5680164DA2B10053480F /* test_macro.bli */ = {isa = PBXFileReference; fileEncoding = 4; lastKnownFileType = text; name = test_macro.bli; path = testfiles/test_macro.bli; sourceTree = "<group>"; };
		7AC12EBF1659194A009C84F5 /* utils.c */ = {isa = PBXFileReference; fileEncoding = 4; lastKnownFileType = sourcecode.c.c; name = utils.c; path = lib/support/utils.c; sourceTree = SOURCE_ROOT; };
		7AC12EC2165919B2009C84F5 /* utils.h */ = {isa = PBXFileReference; lastKnownFileType = sourcecode.c.h; name = utils.h; path = include/blissc/support/utils.h; sourceTree = SOURCE_ROOT; };
		7AC12EC316591C0A009C84F5 /* machinedef.h */ = {isa = PBXFileReference; lastKnownFileType = sourcecode.c.h; name = machinedef.h; path = include/blissc/machinedef.h; sourceTree = SOURCE_ROOT; };
		7AC12EC516593429009C84F5 /* declarations.h */ = {isa = PBXFileReference; lastKnownFileType = sourcecode.c.h; name = declarations.h; path = include/blissc/declarations.h; sourceTree = SOURCE_ROOT; };
		7AD2C0E4168B905200B2B399 /* listings.h */ = {isa = PBXFileReference; lastKnownFileType = sourcecode.c.h; name = listings.h; path = include/blissc/listings.h; sourceTree = SOURCE_ROOT; };
		7AD5C63E16A9E6D100B49D81 /* driver.c */ = {isa = PBXFileReference; fileEncoding = 4; lastKnownFileType = sourcecode.c.c; name = driver.c; path = lib/driver/driver.c; sourceTree = "<group>"; };
		7AD5C64116A9E70300B49D81 /* driver.h */ = {isa = PBXFileReference; lastKnownFileType = sourcecode.c.h; name = driver.h; path = include/blissc/driver.h; sourceTree = "<group>"; };
		7AD5C64216AA083400B49D81 /* llvm_machines.c */ = {isa = PBXFileReference; fileEncoding = 4; lastKnownFileType = sourcecode.c.c; name = llvm_machines.c; path = lib/llvmgen/llvm_machines.c; sourceTree = "<group>"; };
		7AD5C64416AA08B800B49D81 /* llvm_machinectx.h */ = {isa = PBXFileReference; lastKnownFileType = sourcecode.c.h; name = llvm_machinectx.h; path = lib/llvmgen/llvm_machinectx.h; sourceTree = "<group>"; };
		7AD8D0FE1666B7E9002AB41D /* structures.c */ = {isa = PBXFileReference; fileEncoding = 4; lastKnownFileType = sourcecode.c.c; lineEnding = 0; name = structures.c; path = lib/frontend/structures.c; sourceTree = SOURCE_ROOT; xcLanguageSpecificationIdentifier = xcode.lang.c; };
		7ADC81891649CD660056600E /* macros.h */ = {isa = PBXFileReference; lastKnownFileType = sourcecode.c.h; name = macros.h; path = include/blissc/macros.h; sourceTree = SOURCE_ROOT; };
		7ADCC896167E23CF00D09FA4 /* statcodes.c */ = {isa = PBXFileReference; fileEncoding = 4; lastKnownFileType = sourcecode.c.c; name = statcodes.c; path = lib/support/statcodes.c; sourceTree = SOURCE_ROOT; };
		7ADCC899167E23E200D09FA4 /* statcodes.h */ = {isa = PBXFileReference; lastKnownFileType = sourcecode.c.h; name = statcodes.h; path = include/blissc/support/statcodes.h; sourceTree = SOURCE_ROOT; };
		7ADCC89A167E421A00D09FA4 /* logging.h */ = {isa = PBXFileReference; lastKnownFileType = sourcecode.c.h; name = logging.h; path = include/blissc/support/logging.h; sourceTree = SOURCE_ROOT; };
		7ADCC89B167E422900D09FA4 /* logging.c */ = {isa = PBXFileReference; fileEncoding = 4; lastKnownFileType = sourcecode.c.c; name = logging.c; path = lib/support/logging.c; sourceTree = SOURCE_ROOT; };
		7AE1E623168DDD810085DFF5 /* llvm_gencode.c */ = {isa = PBXFileReference; fileEncoding = 4; lastKnownFileType = sourcecode.c.c; name = llvm_gencode.c; path = lib/llvmgen/llvm_gencode.c; sourceTree = "<group>"; };
		7AE1E625168DDF260085DFF5 /* gencode.h */ = {isa = PBXFileReference; lastKnownFileType = sourcecode.c.h; name = gencode.h; path = include/blissc/gencode.h; sourceTree = SOURCE_ROOT; };
		7AF501C1168A52450057D7CF /* listings.c */ = {isa = PBXFileReference; fileEncoding = 4; lastKnownFileType = sourcecode.c.c; name = listings.c; path = lib/frontend/listings.c; sourceTree = SOURCE_ROOT; };
		7AF501C3168A60440057D7CF /* switches.c */ = {isa = PBXFileReference; fileEncoding = 4; lastKnownFileType = sourcecode.c.c; name = switches.c; path = lib/frontend/switches.c; sourceTree = SOURCE_ROOT; };
		7AF501C5168A64F60057D7CF /* switches.h */ = {isa = PBXFileReference; lastKnownFileType = sourcecode.c.h; name = switches.h; path = include/blissc/switches.h; sourceTree = SOURCE_ROOT; };
		7AF573D8164936EE005C965F /* macros.c */ = {isa = PBXFileReference; fileEncoding = 4; lastKnownFileType = sourcecode.c.c; name = macros.c; path = lib/frontend/macros.c; sourceTree = SOURCE_ROOT; };
/* End PBXFileReference section */

/* Begin PBXFrameworksBuildPhase section */
		7A9D4C961635A88F0013AE09 /* Frameworks */ = {
			isa = PBXFrameworksBuildPhase;
			buildActionMask = 2147483647;
			files = (
			);
			runOnlyForDeploymentPostprocessing = 0;
		};
/* End PBXFrameworksBuildPhase section */

/* Begin PBXGroup section */
		7A9D4C8E1635A88F0013AE09 = {
			isa = PBXGroup;
			children = (
				7AD5C64016A9E6DD00B49D81 /* Driver */,
				7AD5C63D16A981B600B49D81 /* FrontEnd */,
				7AD5C63C16A9819800B49D81 /* LLVMGen */,
				7AD3348016A83B1800D6EC13 /* Support */,
				7AD3347E16A8366500D6EC13 /* Test Files */,
				7A9D4C9A1635A88F0013AE09 /* Products */,
			);
			sourceTree = "<group>";
		};
		7A9D4C9A1635A88F0013AE09 /* Products */ = {
			isa = PBXGroup;
			children = (
				7A9D4C991635A88F0013AE09 /* blissc */,
			);
			name = Products;
			sourceTree = "<group>";
		};
		7AA04DA01682CDB500A2D348 /* bliss11 */ = {
			isa = PBXGroup;
			children = (
				7AA04DA11682CDB500A2D348 /* bliss-11.cld */,
				7AA04DA21682CDB500A2D348 /* bliss.req */,
				7AA04DA31682CDB500A2D348 /* bliss.txt */,
				7AA04DA41682CDB500A2D348 /* bliss11.bbprojectd */,
				7AA04DA51682CDB500A2D348 /* bliss_an.cld */,
				7AA04DA61682CDB500A2D348 /* changes.txt */,
				7AA04DA71682CDB500A2D348 /* code.bli */,
				7AA04DA81682CDB500A2D348 /* cswo.bli */,
				7AA04DA91682CDB500A2D348 /* debug.bli */,
				7AA04DAA1682CDB500A2D348 /* declar.bli */,
				7AA04DAB1682CDB500A2D348 /* delay.bli */,
				7AA04DAC1682CDB500A2D348 /* driver.bli */,
				7AA04DAD1682CDB500A2D348 /* e.b11 */,
				7AA04DAE1682CDB500A2D348 /* errcodes.req */,
				7AA04DAF1682CDB500A2D348 /* errmsg.req */,
				7AA04DB01682CDB500A2D348 /* externals.req */,
				7AA04DB11682CDB500A2D348 /* fin2ls.bli */,
				7AA04DB21682CDB500A2D348 /* final.bli */,
				7AA04DB31682CDB500A2D348 /* final_tables.req */,
				7AA04DB41682CDB500A2D348 /* finlst.bli */,
				7AA04DB51682CDB500A2D348 /* flowan.bli */,
				7AA04DB61682CDB500A2D348 /* glodec.bli */,
				7AA04DB71682CDB500A2D348 /* io.bli */,
				7AA04DB81682CDB500A2D348 /* lexan.bli */,
				7AA04DB91682CDB500A2D348 /* listc.bli */,
				7AA04DBA1682CDB500A2D348 /* lstpkg.bli */,
				7AA04DBB1682CDB500A2D348 /* makefile.com */,
				7AA04DBC1682CDB500A2D348 /* mem.bli */,
				7AA04DBD1682CDB500A2D348 /* ncse.bli */,
				7AA04DBE1682CDB500A2D348 /* once.bli */,
				7AA04DBF1682CDB500A2D348 /* print.bli */,
				7AA04DC01682CDB500A2D348 /* README */,
				7AA04DC11682CDB500A2D348 /* Readme.txt */,
				7AA04DC21682CDB500A2D348 /* reshuf.bli */,
				7AA04DC31682CDB500A2D348 /* rms.req */,
				7AA04DC41682CDB500A2D348 /* room.req */,
				7AA04DC51682CDB500A2D348 /* routines.req */,
				7AA04DC61682CDB500A2D348 /* syntax.bli */,
				7AA04DC71682CDB500A2D348 /* t.b11 */,
				7AA04DC81682CDB500A2D348 /* tables.bli */,
				7AA04DC91682CDB500A2D348 /* tnbind.bli */,
				7AA04DCA1682CDB500A2D348 /* tnlow.bli */,
				7AA04DCB1682CDB500A2D348 /* try.bli */,
				7AA04DCC1682CDB500A2D348 /* x.b11 */,
			);
			name = bliss11;
			path = testfiles/bliss11;
			sourceTree = SOURCE_ROOT;
		};
		7AD3347E16A8366500D6EC13 /* Test Files */ = {
			isa = PBXGroup;
			children = (
				7A9D4C9D1635A88F0013AE09 /* testdriver.c */,
				7AA04DA01682CDB500A2D348 /* bliss11 */,
				7A5351E91656FE7B00BE4B99 /* test_decl.bli */,
				7A28CF58169293DB00D24193 /* test_codegen.bli */,
				7ABCDDE7165D64E000E3A85C /* test_expr.bli */,
				7ABF5680164DA2B10053480F /* test_macro.bli */,
				7A8735071642CA6F006BFC30 /* test_parser.bli */,
				7A548D681646E9E500A2A20F /* test_req.req */,
			);
			name = "Test Files";
			sourceTree = SOURCE_ROOT;
		};
		7AD3348016A83B1800D6EC13 /* Support */ = {
			isa = PBXGroup;
			children = (
				7A9D4CA61635A93A0013AE09 /* fileio.c */,
				7A9D4CA81635ACCA0013AE09 /* fileio.h */,
				7ADCC89B167E422900D09FA4 /* logging.c */,
				7ADCC89A167E421A00D09FA4 /* logging.h */,
				7ADCC896167E23CF00D09FA4 /* statcodes.c */,
				7ADCC899167E23E200D09FA4 /* statcodes.h */,
				7A95BCEB1641CC2F002F851E /* strings.c */,
				7A95BCEE1641E17C002F851E /* strings.h */,
				7AC12EBF1659194A009C84F5 /* utils.c */,
				7AC12EC2165919B2009C84F5 /* utils.h */,
			);
			name = Support;
			sourceTree = SOURCE_ROOT;
		};
		7AD5C63C16A9819800B49D81 /* LLVMGen */ = {
			isa = PBXGroup;
			children = (
				7AE1E623168DDD810085DFF5 /* llvm_gencode.c */,
				7A19786C16AB145F009FE9EE /* llvmgen.h */,
				7A5588FE16AB353B000D9FE2 /* llvm_symgen.c */,
				7A53E04B16AD7A07006C1DAE /* llvm_ctrlexpgen.c */,
				7A53E05216AE008B006C1DAE /* llvm_execfuncgen.c */,
				7A53E04E16AD7AFE006C1DAE /* llvm_expgen.c */,
				7A53E05016AD7B6C006C1DAE /* llvm_opexpgen.c */,
				7A381B2116987FC1008588BA /* llvm_helper.cpp */,
				7A381B2216987FC1008588BA /* llvm_helper.h */,
				7AD5C64216AA083400B49D81 /* llvm_machines.c */,
				7AD5C64416AA08B800B49D81 /* llvm_machinectx.h */,
			);
			name = LLVMGen;
			sourceTree = SOURCE_ROOT;
		};
		7AD5C63D16A981B600B49D81 /* FrontEnd */ = {
			isa = PBXGroup;
			children = (
				7A4EAAD616AAD945003FB0D8 /* chf_generic.c */,
				7A4EAAD916AAF798003FB0D8 /* chf.h */,
				7A2DD25A165009F1002CD078 /* declarations.c */,
				7AC12EC516593429009C84F5 /* declarations.h */,
				7A13E03516775C9600C4F14D /* execfuncs.c */,
				7A13E03816775CA100C4F14D /* execfuncs.h */,
				7AB5ED811642A3AB0063EC94 /* expression.c */,
				7AB5ED841642A3B80063EC94 /* expression.h */,
				7A02B3AF1688900300E273AC /* expr_control.c */,
				7AE1E625168DDF260085DFF5 /* gencode.h */,
				7A995E0C163C2286003BEAC7 /* lexeme.c */,
				7A7FD5181636C65200B2D7FC /* lexeme.h */,
				7A7FD5141636C29C00B2D7FC /* lexer.c */,
				7A7FD5171636C2A700B2D7FC /* lexer.h */,
				7AF501C1168A52450057D7CF /* listings.c */,
				7AD2C0E4168B905200B2B399 /* listings.h */,
				7AC12EC316591C0A009C84F5 /* machinedef.h */,
				7AF573D8164936EE005C965F /* macros.c */,
				7ADC81891649CD660056600E /* macros.h */,
				7A995E0F163C2F82003BEAC7 /* nametable.c */,
				7A995E11163C2F8F003BEAC7 /* nametable.h */,
				7A9E1C12163DA445009ACBD0 /* parser.c */,
				7A9E1C14163DA45A009ACBD0 /* parser.h */,
				7A9D4CAA1635CEA30013AE09 /* scanner.c */,
				7A9D4CA91635CE970013AE09 /* scanner.h */,
				7AD8D0FE1666B7E9002AB41D /* structures.c */,
				7A9854EC1660FE7600828371 /* structures.h */,
				7AF501C3168A60440057D7CF /* switches.c */,
				7AF501C5168A64F60057D7CF /* switches.h */,
				7AB8A9AC16722B3500B91750 /* symbols.c */,
				7AB8A9AF16722B4000B91750 /* symbols.h */,
			);
			name = FrontEnd;
			sourceTree = SOURCE_ROOT;
		};
		7AD5C64016A9E6DD00B49D81 /* Driver */ = {
			isa = PBXGroup;
			children = (
				7AD5C63E16A9E6D100B49D81 /* driver.c */,
				7AD5C64116A9E70300B49D81 /* driver.h */,
			);
			name = Driver;
			sourceTree = "<group>";
		};
/* End PBXGroup section */

/* Begin PBXNativeTarget section */
		7A9D4C981635A88F0013AE09 /* blissc */ = {
			isa = PBXNativeTarget;
			buildConfigurationList = 7A9D4CA31635A88F0013AE09 /* Build configuration list for PBXNativeTarget "blissc" */;
			buildPhases = (
				7A9D4C951635A88F0013AE09 /* Sources */,
				7A9D4C961635A88F0013AE09 /* Frameworks */,
				7A9D4C971635A88F0013AE09 /* CopyFiles */,
			);
			buildRules = (
			);
			dependencies = (
			);
			name = blissc;
			productName = blissc;
			productReference = 7A9D4C991635A88F0013AE09 /* blissc */;
			productType = "com.apple.product-type.tool";
		};
/* End PBXNativeTarget section */

/* Begin PBXProject section */
		7A9D4C901635A88F0013AE09 /* Project object */ = {
			isa = PBXProject;
			attributes = {
				LastUpgradeCheck = 0450;
				ORGANIZATIONNAME = "Matthew Madison";
			};
			buildConfigurationList = 7A9D4C931635A88F0013AE09 /* Build configuration list for PBXProject "blissc" */;
			compatibilityVersion = "Xcode 3.2";
			developmentRegion = English;
			hasScannedForEncodings = 0;
			knownRegions = (
				en,
			);
			mainGroup = 7A9D4C8E1635A88F0013AE09;
			productRefGroup = 7A9D4C9A1635A88F0013AE09 /* Products */;
			projectDirPath = "";
			projectRoot = "";
			targets = (
				7A9D4C981635A88F0013AE09 /* blissc */,
			);
		};
/* End PBXProject section */

/* Begin PBXSourcesBuildPhase section */
		7A9D4C951635A88F0013AE09 /* Sources */ = {
			isa = PBXSourcesBuildPhase;
			buildActionMask = 2147483647;
			files = (
				7A9D4C9E1635A88F0013AE09 /* testdriver.c in Sources */,
				7A9D4CA71635A93A0013AE09 /* fileio.c in Sources */,
				7A9D4CAB1635CEA30013AE09 /* scanner.c in Sources */,
				7A7FD5151636C29C00B2D7FC /* lexer.c in Sources */,
				7A995E0D163C2286003BEAC7 /* lexeme.c in Sources */,
				7A995E10163C2F82003BEAC7 /* nametable.c in Sources */,
				7A9E1C13163DA445009ACBD0 /* parser.c in Sources */,
				7A95BCEC1641CC2F002F851E /* strings.c in Sources */,
				7AB5ED821642A3AB0063EC94 /* expression.c in Sources */,
				7AF573D9164936EE005C965F /* macros.c in Sources */,
				7A2DD25B165009F1002CD078 /* declarations.c in Sources */,
				7AC12EC01659194A009C84F5 /* utils.c in Sources */,
				7AD8D0FF1666B7EA002AB41D /* structures.c in Sources */,
				7AB8A9AD16722B3500B91750 /* symbols.c in Sources */,
				7A13E03616775C9600C4F14D /* execfuncs.c in Sources */,
				7ADCC897167E23CF00D09FA4 /* statcodes.c in Sources */,
				7ADCC89C167E422A00D09FA4 /* logging.c in Sources */,
				7A02B3B01688900300E273AC /* expr_control.c in Sources */,
				7AF501C2168A52450057D7CF /* listings.c in Sources */,
				7AF501C4168A60440057D7CF /* switches.c in Sources */,
				7AE1E624168DDD810085DFF5 /* llvm_gencode.c in Sources */,
				7A381B2316987FC1008588BA /* llvm_helper.cpp in Sources */,
				7AD5C63F16A9E6D100B49D81 /* driver.c in Sources */,
				7AD5C64316AA083400B49D81 /* llvm_machines.c in Sources */,
				7A4EAAD716AAD945003FB0D8 /* chf_generic.c in Sources */,
				7A5588FF16AB353B000D9FE2 /* llvm_symgen.c in Sources */,
				7A53E04C16AD7A07006C1DAE /* llvm_ctrlexpgen.c in Sources */,
				7A53E04F16AD7AFE006C1DAE /* llvm_expgen.c in Sources */,
				7A53E05116AD7B6C006C1DAE /* llvm_opexpgen.c in Sources */,
				7A53E05316AE008B006C1DAE /* llvm_execfuncgen.c in Sources */,
			);
			runOnlyForDeploymentPostprocessing = 0;
		};
/* End PBXSourcesBuildPhase section */

/* Begin XCBuildConfiguration section */
		7A9D4CA11635A88F0013AE09 /* Debug */ = {
			isa = XCBuildConfiguration;
			buildSettings = {
				ALWAYS_SEARCH_USER_PATHS = NO;
				ARCHS = "$(ARCHS_STANDARD_64_BIT)";
				CLANG_CXX_LANGUAGE_STANDARD = "gnu++0x";
				CLANG_CXX_LIBRARY = "libc++";
				CLANG_ENABLE_OBJC_ARC = YES;
				CLANG_WARN_EMPTY_BODY = YES;
				CLANG_WARN__DUPLICATE_METHOD_MATCH = YES;
				COPY_PHASE_STRIP = NO;
				GCC_C_LANGUAGE_STANDARD = gnu99;
				GCC_DYNAMIC_NO_PIC = NO;
				GCC_ENABLE_OBJC_EXCEPTIONS = YES;
				GCC_OPTIMIZATION_LEVEL = 0;
				GCC_PREPROCESSOR_DEFINITIONS = (
					"DEBUG=1",
					"$(inherited)",
				);
				GCC_SYMBOLS_PRIVATE_EXTERN = NO;
				GCC_WARN_64_TO_32_BIT_CONVERSION = YES;
				GCC_WARN_ABOUT_RETURN_TYPE = YES;
				GCC_WARN_UNINITIALIZED_AUTOS = YES;
				GCC_WARN_UNUSED_VARIABLE = YES;
				MACOSX_DEPLOYMENT_TARGET = 10.7;
				ONLY_ACTIVE_ARCH = YES;
				SDKROOT = macosx;
			};
			name = Debug;
		};
		7A9D4CA21635A88F0013AE09 /* Release */ = {
			isa = XCBuildConfiguration;
			buildSettings = {
				ALWAYS_SEARCH_USER_PATHS = NO;
				ARCHS = "$(ARCHS_STANDARD_64_BIT)";
				CLANG_CXX_LANGUAGE_STANDARD = "gnu++0x";
				CLANG_CXX_LIBRARY = "libc++";
				CLANG_ENABLE_OBJC_ARC = YES;
				CLANG_WARN_EMPTY_BODY = YES;
				CLANG_WARN__DUPLICATE_METHOD_MATCH = YES;
				COPY_PHASE_STRIP = YES;
				DEBUG_INFORMATION_FORMAT = "dwarf-with-dsym";
				GCC_C_LANGUAGE_STANDARD = gnu99;
				GCC_ENABLE_OBJC_EXCEPTIONS = YES;
				GCC_WARN_64_TO_32_BIT_CONVERSION = YES;
				GCC_WARN_ABOUT_RETURN_TYPE = YES;
				GCC_WARN_UNINITIALIZED_AUTOS = YES;
				GCC_WARN_UNUSED_VARIABLE = YES;
				MACOSX_DEPLOYMENT_TARGET = 10.7;
				SDKROOT = macosx;
			};
			name = Release;
		};
		7A9D4CA41635A88F0013AE09 /* Debug */ = {
			isa = XCBuildConfiguration;
			buildSettings = {
				CLANG_CXX_LANGUAGE_STANDARD = "compiler-default";
				CLANG_CXX_LIBRARY = "compiler-default";
				CLANG_WARN_IMPLICIT_SIGN_CONVERSION = NO;
				CLANG_WARN_SUSPICIOUS_IMPLICIT_CONVERSION = NO;
				GCC_TREAT_IMPLICIT_FUNCTION_DECLARATIONS_AS_ERRORS = NO;
				GCC_TREAT_INCOMPATIBLE_POINTER_TYPE_WARNINGS_AS_ERRORS = YES;
				GCC_WARN_ABOUT_MISSING_FIELD_INITIALIZERS = NO;
				GCC_WARN_ABOUT_MISSING_NEWLINE = YES;
				GCC_WARN_ABOUT_MISSING_PROTOTYPES = NO;
				GCC_WARN_FOUR_CHARACTER_CONSTANTS = YES;
				GCC_WARN_INITIALIZER_NOT_FULLY_BRACKETED = YES;
				GCC_WARN_SHADOW = NO;
				GCC_WARN_SIGN_COMPARE = NO;
				GCC_WARN_UNKNOWN_PRAGMAS = NO;
				GCC_WARN_UNUSED_FUNCTION = YES;
				GCC_WARN_UNUSED_LABEL = YES;
				GCC_WARN_UNUSED_PARAMETER = NO;
				HEADER_SEARCH_PATHS = (
					include,
					/Volumes/Extra/llvm/install/include,
					"/opt/local/libexec/llvm-3.2/include",
				);
				LIBRARY_SEARCH_PATHS = (
					/Volumes/Extra/llvm/install/lib,
					"/opt/local/libexec/llvm-3.2/lib",
				);
				OTHER_CFLAGS = "";
				OTHER_CPLUSPLUSFLAGS = (
					"$(OTHER_CFLAGS)",
					"-D_DEBUG",
					"-D_GNU_SOURCE",
					"-O3",
					"-g",
					"-fvisibility-inlines-hidden",
					"-fno-exceptions",
					"-fno-rtti",
					"-fno-common",
					"-Woverloaded-virtual",
					"-Wcast-qual",
				);
				OTHER_LDFLAGS = (
					"-lLLVMX86CodeGen",
					"-lLLVMSelectionDAG",
					"-lLLVMAsmPrinter",
					"-lLLVMCodeGen",
					"-lLLVMScalarOpts",
					"-lLLVMInstCombine",
					"-lLLVMTransformUtils",
					"-lLLVMipa",
					"-lLLVMAnalysis",
					"-lLLVMX86AsmParser",
					"-lLLVMMCParser",
					"-lLLVMX86Disassembler",
					"-lLLVMX86Desc",
					"-lLLVMX86Info",
					"-lLLVMTarget",
					"-lLLVMX86AsmPrinter",
					"-lLLVMMC",
					"-lLLVMObject",
					"-lLLVMX86Utils",
					"-lLLVMCore",
					"-lLLVMSupport",
					"-lstdc++",
					"-lc++",
					"-lpthread",
					"-lffi",
					"-lm",
				);
				PRODUCT_NAME = "$(TARGET_NAME)";
			};
			name = Debug;
		};
		7A9D4CA51635A88F0013AE09 /* Release */ = {
			isa = XCBuildConfiguration;
			buildSettings = {
				CLANG_CXX_LANGUAGE_STANDARD = "compiler-default";
				CLANG_CXX_LIBRARY = "compiler-default";
				CLANG_WARN_IMPLICIT_SIGN_CONVERSION = NO;
				CLANG_WARN_SUSPICIOUS_IMPLICIT_CONVERSION = NO;
				GCC_TREAT_IMPLICIT_FUNCTION_DECLARATIONS_AS_ERRORS = NO;
				GCC_TREAT_INCOMPATIBLE_POINTER_TYPE_WARNINGS_AS_ERRORS = YES;
				GCC_WARN_ABOUT_MISSING_FIELD_INITIALIZERS = NO;
				GCC_WARN_ABOUT_MISSING_NEWLINE = YES;
				GCC_WARN_ABOUT_MISSING_PROTOTYPES = NO;
				GCC_WARN_FOUR_CHARACTER_CONSTANTS = YES;
				GCC_WARN_INITIALIZER_NOT_FULLY_BRACKETED = YES;
				GCC_WARN_SHADOW = NO;
				GCC_WARN_SIGN_COMPARE = NO;
				GCC_WARN_UNKNOWN_PRAGMAS = NO;
				GCC_WARN_UNUSED_FUNCTION = YES;
				GCC_WARN_UNUSED_LABEL = YES;
				GCC_WARN_UNUSED_PARAMETER = NO;
				HEADER_SEARCH_PATHS = (
					include,
					/Volumes/Extra/llvm/install/include,
					"/opt/local/libexec/llvm-3.2/include",
				);
				LIBRARY_SEARCH_PATHS = (
					/Volumes/Extra/llvm/install/lib,
					"/opt/local/libexec/llvm-3.2/lib",
				);
				OTHER_CFLAGS = "";
				OTHER_CPLUSPLUSFLAGS = (
					"$(OTHER_CFLAGS)",
					"-D_DEBUG",
					"-D_GNU_SOURCE",
					"-O3",
					"-g",
					"-fvisibility-inlines-hidden",
					"-fno-exceptions",
					"-fno-rtti",
					"-fno-common",
					"-Woverloaded-virtual",
					"-Wcast-qual",
				);
				OTHER_LDFLAGS = (
					"-lLLVMX86CodeGen",
					"-lLLVMSelectionDAG",
					"-lLLVMAsmPrinter",
					"-lLLVMCodeGen",
					"-lLLVMScalarOpts",
					"-lLLVMInstCombine",
					"-lLLVMTransformUtils",
					"-lLLVMipa",
					"-lLLVMAnalysis",
					"-lLLVMX86AsmParser",
					"-lLLVMMCParser",
					"-lLLVMX86Disassembler",
					"-lLLVMX86Desc",
					"-lLLVMX86Info",
					"-lLLVMTarget",
					"-lLLVMX86AsmPrinter",
					"-lLLVMMC",
					"-lLLVMObject",
					"-lLLVMX86Utils",
					"-lLLVMCore",
					"-lLLVMSupport",
					"-lstdc++",
					"-lc++",
					"-lpthread",
					"-lffi",
					"-lm",
				);
				PRODUCT_NAME = "$(TARGET_NAME)";
			};
			name = Release;
		};
/* End XCBuildConfiguration section */

/* Begin XCConfigurationList section */
		7A9D4C931635A88F0013AE09 /* Build configuration list for PBXProject "blissc" */ = {
			isa = XCConfigurationList;
			buildConfigurations = (
				7A9D4CA11635A88F0013AE09 /* Debug */,
				7A9D4CA21635A88F0013AE09 /* Release */,
			);
			defaultConfigurationIsVisible = 0;
			defaultConfigurationName = Release;
		};
		7A9D4CA31635A88F0013AE09 /* Build configuration list for PBXNativeTarget "blissc" */ = {
			isa = XCConfigurationList;
			buildConfigurations = (
				7A9D4CA41635A88F0013AE09 /* Debug */,
				7A9D4CA51635A88F0013AE09 /* Release */,
			);
			defaultConfigurationIsVisible = 0;
			defaultConfigurationName = Release;
		};
/* End XCConfigurationList section */
	};
	rootObject = 7A9D4C901635A88F0013AE09 /* Project object */;
}
